
Microsoft Visual Studio Solution File, Format Version 12.00
# Visual Studio Version 17
VisualStudioVersion = 17.0.31903.59
MinimumVisualStudioVersion = 10.0.40219.1
Project("{2150E333-8FDC-42A3-9474-1A3956D46DE8}") = "src", "src", "{827E0CD3-B72D-47B6-A68D-7590B98EB39B}"
EndProject
Project("{2150E333-8FDC-42A3-9474-1A3956D46DE8}") = "Gateway", "Gateway", "{6306A8FB-679E-111F-6585-8F70E0EE6013}"
EndProject
Project("{FAE04EC0-301F-11D3-BF4B-00C04F79EFBC}") = "Shiori.Gateway", "src\Gateway\Shiori.Gateway\Shiori.Gateway.csproj", "{62F608AA-E1A6-4958-A6C9-07B14AAE8405}"
EndProject
Project("{2150E333-8FDC-42A3-9474-1A3956D46DE8}") = "Services", "Services", "{984BB9B3-3FA3-BE33-9484-CAC21695A33C}"
EndProject
Project("{2150E333-8FDC-42A3-9474-1A3956D46DE8}") = "Identity", "Identity", "{1BFC9479-12BF-35C3-06B8-42D89D95092B}"
EndProject
Project("{FAE04EC0-301F-11D3-BF4B-00C04F79EFBC}") = "Shiori.Identity.Api", "src\Services\Identity\Shiori.Identity.Api\Shiori.Identity.Api.csproj", "{B62A0E0A-DED9-41E2-97EE-EC222D95D10A}"
EndProject
Project("{2150E333-8FDC-42A3-9474-1A3956D46DE8}") = "Catalog", "Catalog", "{C91C1CF1-1625-0789-F869-53D87D6277BA}"
EndProject
Project("{FAE04EC0-301F-11D3-BF4B-00C04F79EFBC}") = "Shiori.Catalog.Api", "src\Services\Catalog\Shiori.Catalog.Api\Shiori.Catalog.Api.csproj", "{C40A953A-5441-4D42-AEC6-98D456AF1C03}"
EndProject
Project("{2150E333-8FDC-42A3-9474-1A3956D46DE8}") = "Tracking", "Tracking", "{4E97729A-C2DF-5990-EA33-8F909D65E19E}"
EndProject
Project("{FAE04EC0-301F-11D3-BF4B-00C04F79EFBC}") = "Shiori.Tracking.Api", "src\Services\Tracking\Shiori.Tracking.Api\Shiori.Tracking.Api.csproj", "{CBF3271B-B05F-4B58-A25E-04835FED4AEE}"
EndProject
Global
	GlobalSection(SolutionConfigurationPlatforms) = preSolution
		Debug|Any CPU = Debug|Any CPU
		Debug|x64 = Debug|x64
		Debug|x86 = Debug|x86
		Release|Any CPU = Release|Any CPU
		Release|x64 = Release|x64
		Release|x86 = Release|x86
	EndGlobalSection
	GlobalSection(ProjectConfigurationPlatforms) = postSolution
		{62F608AA-E1A6-4958-A6C9-07B14AAE8405}.Debug|Any CPU.ActiveCfg = Debug|Any CPU
		{62F608AA-E1A6-4958-A6C9-07B14AAE8405}.Debug|Any CPU.Build.0 = Debug|Any CPU
		{62F608AA-E1A6-4958-A6C9-07B14AAE8405}.Debug|x64.ActiveCfg = Debug|Any CPU
		{62F608AA-E1A6-4958-A6C9-07B14AAE8405}.Debug|x64.Build.0 = Debug|Any CPU
		{62F608AA-E1A6-4958-A6C9-07B14AAE8405}.Debug|x86.ActiveCfg = Debug|Any CPU
		{62F608AA-E1A6-4958-A6C9-07B14AAE8405}.Debug|x86.Build.0 = Debug|Any CPU
		{62F608AA-E1A6-4958-A6C9-07B14AAE8405}.Release|Any CPU.ActiveCfg = Release|Any CPU
		{62F608AA-E1A6-4958-A6C9-07B14AAE8405}.Release|Any CPU.Build.0 = Release|Any CPU
		{62F608AA-E1A6-4958-A6C9-07B14AAE8405}.Release|x64.ActiveCfg = Release|Any CPU
		{62F608AA-E1A6-4958-A6C9-07B14AAE8405}.Release|x64.Build.0 = Release|Any CPU
		{62F608AA-E1A6-4958-A6C9-07B14AAE8405}.Release|x86.ActiveCfg = Release|Any CPU
		{62F608AA-E1A6-4958-A6C9-07B14AAE8405}.Release|x86.Build.0 = Release|Any CPU
		{B62A0E0A-DED9-41E2-97EE-EC222D95D10A}.Debug|Any CPU.ActiveCfg = Debug|Any CPU
		{B62A0E0A-DED9-41E2-97EE-EC222D95D10A}.Debug|Any CPU.Build.0 = Debug|Any CPU
		{B62A0E0A-DED9-41E2-97EE-EC222D95D10A}.Debug|x64.ActiveCfg = Debug|Any CPU
		{B62A0E0A-DED9-41E2-97EE-EC222D95D10A}.Debug|x64.Build.0 = Debug|Any CPU
		{B62A0E0A-DED9-41E2-97EE-EC222D95D10A}.Debug|x86.ActiveCfg = Debug|Any CPU
		{B62A0E0A-DED9-41E2-97EE-EC222D95D10A}.Debug|x86.Build.0 = Debug|Any CPU
		{B62A0E0A-DED9-41E2-97EE-EC222D95D10A}.Release|Any CPU.ActiveCfg = Release|Any CPU
		{B62A0E0A-DED9-41E2-97EE-EC222D95D10A}.Release|Any CPU.Build.0 = Release|Any CPU
		{B62A0E0A-DED9-41E2-97EE-EC222D95D10A}.Release|x64.ActiveCfg = Release|Any CPU
		{B62A0E0A-DED9-41E2-97EE-EC222D95D10A}.Release|x64.Build.0 = Release|Any CPU
		{B62A0E0A-DED9-41E2-97EE-EC222D95D10A}.Release|x86.ActiveCfg = Release|Any CPU
		{B62A0E0A-DED9-41E2-97EE-EC222D95D10A}.Release|x86.Build.0 = Release|Any CPU
		{C40A953A-5441-4D42-AEC6-98D456AF1C03}.Debug|Any CPU.ActiveCfg = Debug|Any CPU
		{C40A953A-5441-4D42-AEC6-98D456AF1C03}.Debug|Any CPU.Build.0 = Debug|Any CPU
		{C40A953A-5441-4D42-AEC6-98D456AF1C03}.Debug|x64.ActiveCfg = Debug|Any CPU
		{C40A953A-5441-4D42-AEC6-98D456AF1C03}.Debug|x64.Build.0 = Debug|Any CPU
		{C40A953A-5441-4D42-AEC6-98D456AF1C03}.Debug|x86.ActiveCfg = Debug|Any CPU
		{C40A953A-5441-4D42-AEC6-98D456AF1C03}.Debug|x86.Build.0 = Debug|Any CPU
		{C40A953A-5441-4D42-AEC6-98D456AF1C03}.Release|Any CPU.ActiveCfg = Release|Any CPU
		{C40A953A-5441-4D42-AEC6-98D456AF1C03}.Release|Any CPU.Build.0 = Release|Any CPU
		{C40A953A-5441-4D42-AEC6-98D456AF1C03}.Release|x64.ActiveCfg = Release|Any CPU
		{C40A953A-5441-4D42-AEC6-98D456AF1C03}.Release|x64.Build.0 = Release|Any CPU
		{C40A953A-5441-4D42-AEC6-98D456AF1C03}.Release|x86.ActiveCfg = Release|Any CPU
		{C40A953A-5441-4D42-AEC6-98D456AF1C03}.Release|x86.Build.0 = Release|Any CPU
		{CBF3271B-B05F-4B58-A25E-04835FED4AEE}.Debug|Any CPU.ActiveCfg = Debug|Any CPU
		{CBF3271B-B05F-4B58-A25E-04835FED4AEE}.Debug|Any CPU.Build.0 = Debug|Any CPU
		{CBF3271B-B05F-4B58-A25E-04835FED4AEE}.Debug|x64.ActiveCfg = Debug|Any CPU
		{CBF3271B-B05F-4B58-A25E-04835FED4AEE}.Debug|x64.Build.0 = Debug|Any CPU
		{CBF3271B-B05F-4B58-A25E-04835FED4AEE}.Debug|x86.ActiveCfg = Debug|Any CPU
		{CBF3271B-B05F-4B58-A25E-04835FED4AEE}.Debug|x86.Build.0 = Debug|Any CPU
		{CBF3271B-B05F-4B58-A25E-04835FED4AEE}.Release|Any CPU.ActiveCfg = Release|Any CPU
		{CBF3271B-B05F-4B58-A25E-04835FED4AEE}.Release|Any CPU.Build.0 = Release|Any CPU
		{CBF3271B-B05F-4B58-A25E-04835FED4AEE}.Release|x64.ActiveCfg = Release|Any CPU
		{CBF3271B-B05F-4B58-A25E-04835FED4AEE}.Release|x64.Build.0 = Release|Any CPU
		{CBF3271B-B05F-4B58-A25E-04835FED4AEE}.Release|x86.ActiveCfg = Release|Any CPU
		{CBF3271B-B05F-4B58-A25E-04835FED4AEE}.Release|x86.Build.0 = Release|Any CPU
	EndGlobalSection
	GlobalSection(SolutionProperties) = preSolution
		HideSolutionNode = FALSE
	EndGlobalSection
	GlobalSection(NestedProjects) = preSolution
		{6306A8FB-679E-111F-6585-8F70E0EE6013} = {827E0CD3-B72D-47B6-A68D-7590B98EB39B}
		{62F608AA-E1A6-4958-A6C9-07B14AAE8405} = {6306A8FB-679E-111F-6585-8F70E0EE6013}
		{984BB9B3-3FA3-BE33-9484-CAC21695A33C} = {827E0CD3-B72D-47B6-A68D-7590B98EB39B}
		{1BFC9479-12BF-35C3-06B8-42D89D95092B} = {984BB9B3-3FA3-BE33-9484-CAC21695A33C}
		{B62A0E0A-DED9-41E2-97EE-EC222D95D10A} = {1BFC9479-12BF-35C3-06B8-42D89D95092B}
		{C91C1CF1-1625-0789-F869-53D87D6277BA} = {984BB9B3-3FA3-BE33-9484-CAC21695A33C}
		{C40A953A-5441-4D42-AEC6-98D456AF1C03} = {C91C1CF1-1625-0789-F869-53D87D6277BA}
		{4E97729A-C2DF-5990-EA33-8F909D65E19E} = {984BB9B3-3FA3-BE33-9484-CAC21695A33C}
		{CBF3271B-B05F-4B58-A25E-04835FED4AEE} = {4E97729A-C2DF-5990-EA33-8F909D65E19E}
	EndGlobalSection
EndGlobal
